
Microsoft Visual Studio Solution File, Format Version 12.00
# Visual Studio Version 17
VisualStudioVersion = 17.8.34511.84
MinimumVisualStudioVersion = 10.0.40219.1
Project("{9A19103F-16F7-4668-BE54-9A1E7A4F7556}") = "BookInformationService", "BookInformationService\BookInformationService.csproj", "{1C474D04-EE10-4B32-8F8E-7F084786A595}"
EndProject
Global
	GlobalSection(SolutionConfigurationPlatforms) = preSolution
		Debug|Any CPU = Debug|Any CPU
		Release|Any CPU = Release|Any CPU
	EndGlobalSection
	GlobalSection(ProjectConfigurationPlatforms) = postSolution
		{1C474D04-EE10-4B32-8F8E-7F084786A595}.Debug|Any CPU.ActiveCfg = Debug|Any CPU
		{1C474D04-EE10-4B32-8F8E-7F084786A595}.Debug|Any CPU.Build.0 = Debug|Any CPU
		{1C474D04-EE10-4B32-8F8E-7F084786A595}.Release|Any CPU.ActiveCfg = Release|Any CPU
		{1C474D04-EE10-4B32-8F8E-7F084786A595}.Release|Any CPU.Build.0 = Release|Any CPU
	EndGlobalSection
	GlobalSection(SolutionProperties) = preSolution
		HideSolutionNode = FALSE
	EndGlobalSection
	GlobalSection(ExtensibilityGlobals) = postSolution
		SolutionGuid = {E6B893CB-1983-47A7-B852-71ED1B23EC12}
	EndGlobalSection
EndGlobal
